
Microsoft Visual Studio Solution File, Format Version 12.00
# Visual Studio 15
VisualStudioVersion = 15.0.28010.2041
MinimumVisualStudioVersion = 10.0.40219.1
Project("{FAE04EC0-301F-11D3-BF4B-00C04F79EFBC}") = "DAQ6510MonitorEnergyUnit", "DAQ6510MonitorEnergyUnit\DAQ6510MonitorEnergyUnit.csproj", "{8617BE92-50E5-4626-9FF9-57F0C7FD15E7}"
EndProject
Global
	GlobalSection(SolutionConfigurationPlatforms) = preSolution
		Debug|Any CPU = Debug|Any CPU
		Release|Any CPU = Release|Any CPU
	EndGlobalSection
	GlobalSection(ProjectConfigurationPlatforms) = postSolution
		{8617BE92-50E5-4626-9FF9-57F0C7FD15E7}.Debug|Any CPU.ActiveCfg = Debug|Any CPU
		{8617BE92-50E5-4626-9FF9-57F0C7FD15E7}.Debug|Any CPU.Build.0 = Debug|Any CPU
		{8617BE92-50E5-4626-9FF9-57F0C7FD15E7}.Release|Any CPU.ActiveCfg = Release|Any CPU
		{8617BE92-50E5-4626-9FF9-57F0C7FD15E7}.Release|Any CPU.Build.0 = Release|Any CPU
	EndGlobalSection
	GlobalSection(SolutionProperties) = preSolution
		HideSolutionNode = FALSE
	EndGlobalSection
	GlobalSection(ExtensibilityGlobals) = postSolution
		SolutionGuid = {C2F3DC2B-579C-4080-B582-04272878BD1F}
	EndGlobalSection
EndGlobal
